
Microsoft Visual Studio Solution File, Format Version 12.00
# Visual Studio Version 16
VisualStudioVersion = 16.0.30225.117
MinimumVisualStudioVersion = 10.0.40219.1
Project("{FAE04EC0-301F-11D3-BF4B-00C04F79EFBC}") = "Service", "Service\Service.csproj", "{65DAED1A-B3D4-4FB2-A41D-E245013463E4}"
EndProject
Global
	GlobalSection(SolutionConfigurationPlatforms) = preSolution
		Debug|Any CPU = Debug|Any CPU
		Release|Any CPU = Release|Any CPU
	EndGlobalSection
	GlobalSection(ProjectConfigurationPlatforms) = postSolution
		{65DAED1A-B3D4-4FB2-A41D-E245013463E4}.Debug|Any CPU.ActiveCfg = Debug|Any CPU
		{65DAED1A-B3D4-4FB2-A41D-E245013463E4}.Debug|Any CPU.Build.0 = Debug|Any CPU
		{65DAED1A-B3D4-4FB2-A41D-E245013463E4}.Release|Any CPU.ActiveCfg = Release|Any CPU
		{65DAED1A-B3D4-4FB2-A41D-E245013463E4}.Release|Any CPU.Build.0 = Release|Any CPU
	EndGlobalSection
	GlobalSection(SolutionProperties) = preSolution
		HideSolutionNode = FALSE
	EndGlobalSection
	GlobalSection(ExtensibilityGlobals) = postSolution
		SolutionGuid = {35737593-1D65-444D-AD65-A2BFA0C2897C}
	EndGlobalSection
EndGlobal
